
Microsoft Visual Studio Solution File, Format Version 12.00
# Visual Studio 2013
VisualStudioVersion = 12.0.31101.0
MinimumVisualStudioVersion = 10.0.40219.1
Project("{FAE04EC0-301F-11D3-BF4B-00C04F79EFBC}") = "ScratchNet", "ScratchNet\ScratchNet.csproj", "{79F40D09-D4EE-469F-883D-0D471E22AE20}"
EndProject
Project("{FAE04EC0-301F-11D3-BF4B-00C04F79EFBC}") = "ScriptEngine", "ScriptEngine\ScriptEngine.csproj", "{9EFE2134-8015-4957-A9E1-F7D2FBB4CDA7}"
EndProject
Project("{FAE04EC0-301F-11D3-BF4B-00C04F79EFBC}") = "FontAwesome.WPF", "FontAwesome.WPF\FontAwesome.WPF.csproj", "{7006AC9F-D218-4D7B-98EB-5D2D91F69C57}"
EndProject
Project("{FAE04EC0-301F-11D3-BF4B-00C04F79EFBC}") = "ExecutionEngine", "ExecutionEngine\ExecutionEngine.csproj", "{86044555-48E3-4128-92EE-59F55F9D8B53}"
EndProject
Project("{FAE04EC0-301F-11D3-BF4B-00C04F79EFBC}") = "ScratchControl", "ScratchControl\ScratchControl.csproj", "{E1C33987-94F5-472F-B191-8CBEDDEE5D99}"
EndProject
Project("{FAE04EC0-301F-11D3-BF4B-00C04F79EFBC}") = "ScratchEditor", "ScratchEditor\ScratchEditor.csproj", "{801CFD14-89D2-4B1E-9332-B22EC959BABA}"
EndProject
Global
	GlobalSection(SolutionConfigurationPlatforms) = preSolution
		Debug|Any CPU = Debug|Any CPU
		Release|Any CPU = Release|Any CPU
	EndGlobalSection
	GlobalSection(ProjectConfigurationPlatforms) = postSolution
		{79F40D09-D4EE-469F-883D-0D471E22AE20}.Debug|Any CPU.ActiveCfg = Debug|Any CPU
		{79F40D09-D4EE-469F-883D-0D471E22AE20}.Debug|Any CPU.Build.0 = Debug|Any CPU
		{79F40D09-D4EE-469F-883D-0D471E22AE20}.Release|Any CPU.ActiveCfg = Release|Any CPU
		{79F40D09-D4EE-469F-883D-0D471E22AE20}.Release|Any CPU.Build.0 = Release|Any CPU
		{9EFE2134-8015-4957-A9E1-F7D2FBB4CDA7}.Debug|Any CPU.ActiveCfg = Debug|Any CPU
		{9EFE2134-8015-4957-A9E1-F7D2FBB4CDA7}.Debug|Any CPU.Build.0 = Debug|Any CPU
		{9EFE2134-8015-4957-A9E1-F7D2FBB4CDA7}.Release|Any CPU.ActiveCfg = Release|Any CPU
		{9EFE2134-8015-4957-A9E1-F7D2FBB4CDA7}.Release|Any CPU.Build.0 = Release|Any CPU
		{7006AC9F-D218-4D7B-98EB-5D2D91F69C57}.Debug|Any CPU.ActiveCfg = Debug|Any CPU
		{7006AC9F-D218-4D7B-98EB-5D2D91F69C57}.Debug|Any CPU.Build.0 = Debug|Any CPU
		{7006AC9F-D218-4D7B-98EB-5D2D91F69C57}.Release|Any CPU.ActiveCfg = Release|Any CPU
		{7006AC9F-D218-4D7B-98EB-5D2D91F69C57}.Release|Any CPU.Build.0 = Release|Any CPU
		{86044555-48E3-4128-92EE-59F55F9D8B53}.Debug|Any CPU.ActiveCfg = Debug|Any CPU
		{86044555-48E3-4128-92EE-59F55F9D8B53}.Debug|Any CPU.Build.0 = Debug|Any CPU
		{86044555-48E3-4128-92EE-59F55F9D8B53}.Release|Any CPU.ActiveCfg = Release|Any CPU
		{86044555-48E3-4128-92EE-59F55F9D8B53}.Release|Any CPU.Build.0 = Release|Any CPU
		{E1C33987-94F5-472F-B191-8CBEDDEE5D99}.Debug|Any CPU.ActiveCfg = Debug|Any CPU
		{E1C33987-94F5-472F-B191-8CBEDDEE5D99}.Debug|Any CPU.Build.0 = Debug|Any CPU
		{E1C33987-94F5-472F-B191-8CBEDDEE5D99}.Release|Any CPU.ActiveCfg = Release|Any CPU
		{E1C33987-94F5-472F-B191-8CBEDDEE5D99}.Release|Any CPU.Build.0 = Release|Any CPU
		{801CFD14-89D2-4B1E-9332-B22EC959BABA}.Debug|Any CPU.ActiveCfg = Debug|Any CPU
		{801CFD14-89D2-4B1E-9332-B22EC959BABA}.Debug|Any CPU.Build.0 = Debug|Any CPU
		{801CFD14-89D2-4B1E-9332-B22EC959BABA}.Release|Any CPU.ActiveCfg = Release|Any CPU
		{801CFD14-89D2-4B1E-9332-B22EC959BABA}.Release|Any CPU.Build.0 = Release|Any CPU
	EndGlobalSection
	GlobalSection(SolutionProperties) = preSolution
		HideSolutionNode = FALSE
	EndGlobalSection
EndGlobal
