
Microsoft Visual Studio Solution File, Format Version 12.00
# Visual Studio Version 16
VisualStudioVersion = 16.0.29728.190
MinimumVisualStudioVersion = 10.0.40219.1
Project("{FAE04EC0-301F-11D3-BF4B-00C04F79EFBC}") = "ScratchNet", "demo\ScratchNet\ScratchNet.csproj", "{79F40D09-D4EE-469F-883D-0D471E22AE20}"
EndProject
Project("{FAE04EC0-301F-11D3-BF4B-00C04F79EFBC}") = "ScriptEngine", "src\ScriptEngine\ScriptEngine.csproj", "{9EFE2134-8015-4957-A9E1-F7D2FBB4CDA7}"
EndProject
Project("{FAE04EC0-301F-11D3-BF4B-00C04F79EFBC}") = "ScratchControl", "src\ScratchControl\ScratchControl.csproj", "{E1C33987-94F5-472F-B191-8CBEDDEE5D99}"
EndProject
Project("{FAE04EC0-301F-11D3-BF4B-00C04F79EFBC}") = "ScriptEditor", "src\ScratchEditor\ScriptEditor.csproj", "{801CFD14-89D2-4B1E-9332-B22EC959BABA}"
EndProject
Project("{2150E333-8FDC-42A3-9474-1A3956D46DE8}") = "src", "src", "{574786AA-DCD3-435B-8411-3C0850428F93}"
EndProject
Project("{2150E333-8FDC-42A3-9474-1A3956D46DE8}") = "demo", "demo", "{98B9AB53-DABC-4E87-B63B-BFFB0B7BAB81}"
EndProject
Project("{2150E333-8FDC-42A3-9474-1A3956D46DE8}") = "improve", "improve", "{CE3FE9EE-1EC5-4CAB-990F-27F21F2586FD}"
EndProject
Project("{2150E333-8FDC-42A3-9474-1A3956D46DE8}") = "test", "test", "{86E202C1-9FAE-4FB1-8259-03A9D423A717}"
EndProject
Project("{FAE04EC0-301F-11D3-BF4B-00C04F79EFBC}") = "UnitTestProject", "test\UnitTestProject\UnitTestProject.csproj", "{584AAAFE-1EAE-4F99-9E9B-C375098B7A9E}"
EndProject
Project("{FAE04EC0-301F-11D3-BF4B-00C04F79EFBC}") = "Math", "src\Math\Math.csproj", "{A0FF7DF5-1936-4CC7-9E49-E2AF197EC70F}"
EndProject
Project("{FAE04EC0-301F-11D3-BF4B-00C04F79EFBC}") = "Thread", "src\Thread\Thread.csproj", "{6E2FF20A-0A70-42EB-9D7F-232825741AFF}"
EndProject
Project("{FAE04EC0-301F-11D3-BF4B-00C04F79EFBC}") = "String", "src\String\String.csproj", "{9DE591A0-F8F8-40A8-AB27-1ED54BE84951}"
EndProject
Project("{FAE04EC0-301F-11D3-BF4B-00C04F79EFBC}") = "Console", "src\Console\Console.csproj", "{64AB2104-7F4D-469C-86FB-1AF4921947C0}"
EndProject
Project("{FAE04EC0-301F-11D3-BF4B-00C04F79EFBC}") = "Array", "src\Array\Array.csproj", "{BC85CF16-0FEE-4CA2-ACF0-DC2C47D5177F}"
EndProject
Project("{FAE04EC0-301F-11D3-BF4B-00C04F79EFBC}") = "Collection", "src\Collection\Collection.csproj", "{CC6C079A-842E-4D81-A549-BC029A7FDFF3}"
EndProject
Project("{FAE04EC0-301F-11D3-BF4B-00C04F79EFBC}") = "Speech", "src\Speech\Speech.csproj", "{8B998C9F-BFAC-4575-9452-3966264D4957}"
EndProject
Project("{FAE04EC0-301F-11D3-BF4B-00C04F79EFBC}") = "DataStructure", "src\DataStructure\DataStructure.csproj", "{3A0D0AF9-915E-43D8-B7F2-9D6A37686D21}"
EndProject
Project("{FAE04EC0-301F-11D3-BF4B-00C04F79EFBC}") = "Canvas", "src\Canvas\Canvas.csproj", "{4D7FBAEF-C988-4A4A-8A4D-D74D9682456A}"
EndProject
Project("{FAE04EC0-301F-11D3-BF4B-00C04F79EFBC}") = "VisualCodeEditor2", "demo\VisualCodeEditor2\VisualCodeEditor2.csproj", "{A2D6D3D3-338A-4E2E-9AD1-118A131BC38A}"
EndProject
Global
	GlobalSection(SolutionConfigurationPlatforms) = preSolution
		Debug|Any CPU = Debug|Any CPU
		Debug|ARM = Debug|ARM
		Debug|ARM64 = Debug|ARM64
		Debug|x64 = Debug|x64
		Debug|x86 = Debug|x86
		Release|Any CPU = Release|Any CPU
		Release|ARM = Release|ARM
		Release|ARM64 = Release|ARM64
		Release|x64 = Release|x64
		Release|x86 = Release|x86
	EndGlobalSection
	GlobalSection(ProjectConfigurationPlatforms) = postSolution
		{79F40D09-D4EE-469F-883D-0D471E22AE20}.Debug|Any CPU.ActiveCfg = Debug|Any CPU
		{79F40D09-D4EE-469F-883D-0D471E22AE20}.Debug|Any CPU.Build.0 = Debug|Any CPU
		{79F40D09-D4EE-469F-883D-0D471E22AE20}.Debug|ARM.ActiveCfg = Debug|Any CPU
		{79F40D09-D4EE-469F-883D-0D471E22AE20}.Debug|ARM64.ActiveCfg = Debug|Any CPU
		{79F40D09-D4EE-469F-883D-0D471E22AE20}.Debug|x64.ActiveCfg = Debug|Any CPU
		{79F40D09-D4EE-469F-883D-0D471E22AE20}.Debug|x86.ActiveCfg = Debug|Any CPU
		{79F40D09-D4EE-469F-883D-0D471E22AE20}.Release|Any CPU.ActiveCfg = Release|Any CPU
		{79F40D09-D4EE-469F-883D-0D471E22AE20}.Release|Any CPU.Build.0 = Release|Any CPU
		{79F40D09-D4EE-469F-883D-0D471E22AE20}.Release|ARM.ActiveCfg = Release|Any CPU
		{79F40D09-D4EE-469F-883D-0D471E22AE20}.Release|ARM64.ActiveCfg = Release|Any CPU
		{79F40D09-D4EE-469F-883D-0D471E22AE20}.Release|x64.ActiveCfg = Release|Any CPU
		{79F40D09-D4EE-469F-883D-0D471E22AE20}.Release|x86.ActiveCfg = Release|Any CPU
		{9EFE2134-8015-4957-A9E1-F7D2FBB4CDA7}.Debug|Any CPU.ActiveCfg = Debug|Any CPU
		{9EFE2134-8015-4957-A9E1-F7D2FBB4CDA7}.Debug|Any CPU.Build.0 = Debug|Any CPU
		{9EFE2134-8015-4957-A9E1-F7D2FBB4CDA7}.Debug|ARM.ActiveCfg = Debug|Any CPU
		{9EFE2134-8015-4957-A9E1-F7D2FBB4CDA7}.Debug|ARM.Build.0 = Debug|Any CPU
		{9EFE2134-8015-4957-A9E1-F7D2FBB4CDA7}.Debug|ARM64.ActiveCfg = Debug|Any CPU
		{9EFE2134-8015-4957-A9E1-F7D2FBB4CDA7}.Debug|ARM64.Build.0 = Debug|Any CPU
		{9EFE2134-8015-4957-A9E1-F7D2FBB4CDA7}.Debug|x64.ActiveCfg = Debug|Any CPU
		{9EFE2134-8015-4957-A9E1-F7D2FBB4CDA7}.Debug|x64.Build.0 = Debug|Any CPU
		{9EFE2134-8015-4957-A9E1-F7D2FBB4CDA7}.Debug|x86.ActiveCfg = Debug|Any CPU
		{9EFE2134-8015-4957-A9E1-F7D2FBB4CDA7}.Debug|x86.Build.0 = Debug|Any CPU
		{9EFE2134-8015-4957-A9E1-F7D2FBB4CDA7}.Release|Any CPU.ActiveCfg = Release|Any CPU
		{9EFE2134-8015-4957-A9E1-F7D2FBB4CDA7}.Release|Any CPU.Build.0 = Release|Any CPU
		{9EFE2134-8015-4957-A9E1-F7D2FBB4CDA7}.Release|ARM.ActiveCfg = Release|Any CPU
		{9EFE2134-8015-4957-A9E1-F7D2FBB4CDA7}.Release|ARM.Build.0 = Release|Any CPU
		{9EFE2134-8015-4957-A9E1-F7D2FBB4CDA7}.Release|ARM64.ActiveCfg = Release|Any CPU
		{9EFE2134-8015-4957-A9E1-F7D2FBB4CDA7}.Release|ARM64.Build.0 = Release|Any CPU
		{9EFE2134-8015-4957-A9E1-F7D2FBB4CDA7}.Release|x64.ActiveCfg = Release|Any CPU
		{9EFE2134-8015-4957-A9E1-F7D2FBB4CDA7}.Release|x64.Build.0 = Release|Any CPU
		{9EFE2134-8015-4957-A9E1-F7D2FBB4CDA7}.Release|x86.ActiveCfg = Release|Any CPU
		{9EFE2134-8015-4957-A9E1-F7D2FBB4CDA7}.Release|x86.Build.0 = Release|Any CPU
		{E1C33987-94F5-472F-B191-8CBEDDEE5D99}.Debug|Any CPU.ActiveCfg = Debug|Any CPU
		{E1C33987-94F5-472F-B191-8CBEDDEE5D99}.Debug|Any CPU.Build.0 = Debug|Any CPU
		{E1C33987-94F5-472F-B191-8CBEDDEE5D99}.Debug|ARM.ActiveCfg = Debug|Any CPU
		{E1C33987-94F5-472F-B191-8CBEDDEE5D99}.Debug|ARM.Build.0 = Debug|Any CPU
		{E1C33987-94F5-472F-B191-8CBEDDEE5D99}.Debug|ARM64.ActiveCfg = Debug|Any CPU
		{E1C33987-94F5-472F-B191-8CBEDDEE5D99}.Debug|ARM64.Build.0 = Debug|Any CPU
		{E1C33987-94F5-472F-B191-8CBEDDEE5D99}.Debug|x64.ActiveCfg = Debug|Any CPU
		{E1C33987-94F5-472F-B191-8CBEDDEE5D99}.Debug|x64.Build.0 = Debug|Any CPU
		{E1C33987-94F5-472F-B191-8CBEDDEE5D99}.Debug|x86.ActiveCfg = Debug|Any CPU
		{E1C33987-94F5-472F-B191-8CBEDDEE5D99}.Debug|x86.Build.0 = Debug|Any CPU
		{E1C33987-94F5-472F-B191-8CBEDDEE5D99}.Release|Any CPU.ActiveCfg = Release|Any CPU
		{E1C33987-94F5-472F-B191-8CBEDDEE5D99}.Release|Any CPU.Build.0 = Release|Any CPU
		{E1C33987-94F5-472F-B191-8CBEDDEE5D99}.Release|ARM.ActiveCfg = Release|Any CPU
		{E1C33987-94F5-472F-B191-8CBEDDEE5D99}.Release|ARM.Build.0 = Release|Any CPU
		{E1C33987-94F5-472F-B191-8CBEDDEE5D99}.Release|ARM64.ActiveCfg = Release|Any CPU
		{E1C33987-94F5-472F-B191-8CBEDDEE5D99}.Release|ARM64.Build.0 = Release|Any CPU
		{E1C33987-94F5-472F-B191-8CBEDDEE5D99}.Release|x64.ActiveCfg = Release|Any CPU
		{E1C33987-94F5-472F-B191-8CBEDDEE5D99}.Release|x64.Build.0 = Release|Any CPU
		{E1C33987-94F5-472F-B191-8CBEDDEE5D99}.Release|x86.ActiveCfg = Release|Any CPU
		{E1C33987-94F5-472F-B191-8CBEDDEE5D99}.Release|x86.Build.0 = Release|Any CPU
		{801CFD14-89D2-4B1E-9332-B22EC959BABA}.Debug|Any CPU.ActiveCfg = Debug|Any CPU
		{801CFD14-89D2-4B1E-9332-B22EC959BABA}.Debug|Any CPU.Build.0 = Debug|Any CPU
		{801CFD14-89D2-4B1E-9332-B22EC959BABA}.Debug|ARM.ActiveCfg = Debug|Any CPU
		{801CFD14-89D2-4B1E-9332-B22EC959BABA}.Debug|ARM.Build.0 = Debug|Any CPU
		{801CFD14-89D2-4B1E-9332-B22EC959BABA}.Debug|ARM64.ActiveCfg = Debug|Any CPU
		{801CFD14-89D2-4B1E-9332-B22EC959BABA}.Debug|ARM64.Build.0 = Debug|Any CPU
		{801CFD14-89D2-4B1E-9332-B22EC959BABA}.Debug|x64.ActiveCfg = Debug|Any CPU
		{801CFD14-89D2-4B1E-9332-B22EC959BABA}.Debug|x64.Build.0 = Debug|Any CPU
		{801CFD14-89D2-4B1E-9332-B22EC959BABA}.Debug|x86.ActiveCfg = Debug|Any CPU
		{801CFD14-89D2-4B1E-9332-B22EC959BABA}.Debug|x86.Build.0 = Debug|Any CPU
		{801CFD14-89D2-4B1E-9332-B22EC959BABA}.Release|Any CPU.ActiveCfg = Release|Any CPU
		{801CFD14-89D2-4B1E-9332-B22EC959BABA}.Release|Any CPU.Build.0 = Release|Any CPU
		{801CFD14-89D2-4B1E-9332-B22EC959BABA}.Release|ARM.ActiveCfg = Release|Any CPU
		{801CFD14-89D2-4B1E-9332-B22EC959BABA}.Release|ARM.Build.0 = Release|Any CPU
		{801CFD14-89D2-4B1E-9332-B22EC959BABA}.Release|ARM64.ActiveCfg = Release|Any CPU
		{801CFD14-89D2-4B1E-9332-B22EC959BABA}.Release|ARM64.Build.0 = Release|Any CPU
		{801CFD14-89D2-4B1E-9332-B22EC959BABA}.Release|x64.ActiveCfg = Release|Any CPU
		{801CFD14-89D2-4B1E-9332-B22EC959BABA}.Release|x64.Build.0 = Release|Any CPU
		{801CFD14-89D2-4B1E-9332-B22EC959BABA}.Release|x86.ActiveCfg = Release|Any CPU
		{801CFD14-89D2-4B1E-9332-B22EC959BABA}.Release|x86.Build.0 = Release|Any CPU
		{584AAAFE-1EAE-4F99-9E9B-C375098B7A9E}.Debug|Any CPU.ActiveCfg = Debug|Any CPU
		{584AAAFE-1EAE-4F99-9E9B-C375098B7A9E}.Debug|Any CPU.Build.0 = Debug|Any CPU
		{584AAAFE-1EAE-4F99-9E9B-C375098B7A9E}.Debug|ARM.ActiveCfg = Debug|Any CPU
		{584AAAFE-1EAE-4F99-9E9B-C375098B7A9E}.Debug|ARM.Build.0 = Debug|Any CPU
		{584AAAFE-1EAE-4F99-9E9B-C375098B7A9E}.Debug|ARM64.ActiveCfg = Debug|Any CPU
		{584AAAFE-1EAE-4F99-9E9B-C375098B7A9E}.Debug|ARM64.Build.0 = Debug|Any CPU
		{584AAAFE-1EAE-4F99-9E9B-C375098B7A9E}.Debug|x64.ActiveCfg = Debug|Any CPU
		{584AAAFE-1EAE-4F99-9E9B-C375098B7A9E}.Debug|x64.Build.0 = Debug|Any CPU
		{584AAAFE-1EAE-4F99-9E9B-C375098B7A9E}.Debug|x86.ActiveCfg = Debug|Any CPU
		{584AAAFE-1EAE-4F99-9E9B-C375098B7A9E}.Debug|x86.Build.0 = Debug|Any CPU
		{584AAAFE-1EAE-4F99-9E9B-C375098B7A9E}.Release|Any CPU.ActiveCfg = Release|Any CPU
		{584AAAFE-1EAE-4F99-9E9B-C375098B7A9E}.Release|Any CPU.Build.0 = Release|Any CPU
		{584AAAFE-1EAE-4F99-9E9B-C375098B7A9E}.Release|ARM.ActiveCfg = Release|Any CPU
		{584AAAFE-1EAE-4F99-9E9B-C375098B7A9E}.Release|ARM.Build.0 = Release|Any CPU
		{584AAAFE-1EAE-4F99-9E9B-C375098B7A9E}.Release|ARM64.ActiveCfg = Release|Any CPU
		{584AAAFE-1EAE-4F99-9E9B-C375098B7A9E}.Release|ARM64.Build.0 = Release|Any CPU
		{584AAAFE-1EAE-4F99-9E9B-C375098B7A9E}.Release|x64.ActiveCfg = Release|Any CPU
		{584AAAFE-1EAE-4F99-9E9B-C375098B7A9E}.Release|x64.Build.0 = Release|Any CPU
		{584AAAFE-1EAE-4F99-9E9B-C375098B7A9E}.Release|x86.ActiveCfg = Release|Any CPU
		{584AAAFE-1EAE-4F99-9E9B-C375098B7A9E}.Release|x86.Build.0 = Release|Any CPU
		{A0FF7DF5-1936-4CC7-9E49-E2AF197EC70F}.Debug|Any CPU.ActiveCfg = Debug|Any CPU
		{A0FF7DF5-1936-4CC7-9E49-E2AF197EC70F}.Debug|Any CPU.Build.0 = Debug|Any CPU
		{A0FF7DF5-1936-4CC7-9E49-E2AF197EC70F}.Debug|ARM.ActiveCfg = Debug|Any CPU
		{A0FF7DF5-1936-4CC7-9E49-E2AF197EC70F}.Debug|ARM.Build.0 = Debug|Any CPU
		{A0FF7DF5-1936-4CC7-9E49-E2AF197EC70F}.Debug|ARM64.ActiveCfg = Debug|Any CPU
		{A0FF7DF5-1936-4CC7-9E49-E2AF197EC70F}.Debug|ARM64.Build.0 = Debug|Any CPU
		{A0FF7DF5-1936-4CC7-9E49-E2AF197EC70F}.Debug|x64.ActiveCfg = Debug|Any CPU
		{A0FF7DF5-1936-4CC7-9E49-E2AF197EC70F}.Debug|x64.Build.0 = Debug|Any CPU
		{A0FF7DF5-1936-4CC7-9E49-E2AF197EC70F}.Debug|x86.ActiveCfg = Debug|Any CPU
		{A0FF7DF5-1936-4CC7-9E49-E2AF197EC70F}.Debug|x86.Build.0 = Debug|Any CPU
		{A0FF7DF5-1936-4CC7-9E49-E2AF197EC70F}.Release|Any CPU.ActiveCfg = Release|Any CPU
		{A0FF7DF5-1936-4CC7-9E49-E2AF197EC70F}.Release|Any CPU.Build.0 = Release|Any CPU
		{A0FF7DF5-1936-4CC7-9E49-E2AF197EC70F}.Release|ARM.ActiveCfg = Release|Any CPU
		{A0FF7DF5-1936-4CC7-9E49-E2AF197EC70F}.Release|ARM.Build.0 = Release|Any CPU
		{A0FF7DF5-1936-4CC7-9E49-E2AF197EC70F}.Release|ARM64.ActiveCfg = Release|Any CPU
		{A0FF7DF5-1936-4CC7-9E49-E2AF197EC70F}.Release|ARM64.Build.0 = Release|Any CPU
		{A0FF7DF5-1936-4CC7-9E49-E2AF197EC70F}.Release|x64.ActiveCfg = Release|Any CPU
		{A0FF7DF5-1936-4CC7-9E49-E2AF197EC70F}.Release|x64.Build.0 = Release|Any CPU
		{A0FF7DF5-1936-4CC7-9E49-E2AF197EC70F}.Release|x86.ActiveCfg = Release|Any CPU
		{A0FF7DF5-1936-4CC7-9E49-E2AF197EC70F}.Release|x86.Build.0 = Release|Any CPU
		{6E2FF20A-0A70-42EB-9D7F-232825741AFF}.Debug|Any CPU.ActiveCfg = Debug|Any CPU
		{6E2FF20A-0A70-42EB-9D7F-232825741AFF}.Debug|Any CPU.Build.0 = Debug|Any CPU
		{6E2FF20A-0A70-42EB-9D7F-232825741AFF}.Debug|ARM.ActiveCfg = Debug|Any CPU
		{6E2FF20A-0A70-42EB-9D7F-232825741AFF}.Debug|ARM.Build.0 = Debug|Any CPU
		{6E2FF20A-0A70-42EB-9D7F-232825741AFF}.Debug|ARM64.ActiveCfg = Debug|Any CPU
		{6E2FF20A-0A70-42EB-9D7F-232825741AFF}.Debug|ARM64.Build.0 = Debug|Any CPU
		{6E2FF20A-0A70-42EB-9D7F-232825741AFF}.Debug|x64.ActiveCfg = Debug|Any CPU
		{6E2FF20A-0A70-42EB-9D7F-232825741AFF}.Debug|x64.Build.0 = Debug|Any CPU
		{6E2FF20A-0A70-42EB-9D7F-232825741AFF}.Debug|x86.ActiveCfg = Debug|Any CPU
		{6E2FF20A-0A70-42EB-9D7F-232825741AFF}.Debug|x86.Build.0 = Debug|Any CPU
		{6E2FF20A-0A70-42EB-9D7F-232825741AFF}.Release|Any CPU.ActiveCfg = Release|Any CPU
		{6E2FF20A-0A70-42EB-9D7F-232825741AFF}.Release|Any CPU.Build.0 = Release|Any CPU
		{6E2FF20A-0A70-42EB-9D7F-232825741AFF}.Release|ARM.ActiveCfg = Release|Any CPU
		{6E2FF20A-0A70-42EB-9D7F-232825741AFF}.Release|ARM.Build.0 = Release|Any CPU
		{6E2FF20A-0A70-42EB-9D7F-232825741AFF}.Release|ARM64.ActiveCfg = Release|Any CPU
		{6E2FF20A-0A70-42EB-9D7F-232825741AFF}.Release|ARM64.Build.0 = Release|Any CPU
		{6E2FF20A-0A70-42EB-9D7F-232825741AFF}.Release|x64.ActiveCfg = Release|Any CPU
		{6E2FF20A-0A70-42EB-9D7F-232825741AFF}.Release|x64.Build.0 = Release|Any CPU
		{6E2FF20A-0A70-42EB-9D7F-232825741AFF}.Release|x86.ActiveCfg = Release|Any CPU
		{6E2FF20A-0A70-42EB-9D7F-232825741AFF}.Release|x86.Build.0 = Release|Any CPU
		{9DE591A0-F8F8-40A8-AB27-1ED54BE84951}.Debug|Any CPU.ActiveCfg = Debug|Any CPU
		{9DE591A0-F8F8-40A8-AB27-1ED54BE84951}.Debug|Any CPU.Build.0 = Debug|Any CPU
		{9DE591A0-F8F8-40A8-AB27-1ED54BE84951}.Debug|ARM.ActiveCfg = Debug|Any CPU
		{9DE591A0-F8F8-40A8-AB27-1ED54BE84951}.Debug|ARM.Build.0 = Debug|Any CPU
		{9DE591A0-F8F8-40A8-AB27-1ED54BE84951}.Debug|ARM64.ActiveCfg = Debug|Any CPU
		{9DE591A0-F8F8-40A8-AB27-1ED54BE84951}.Debug|ARM64.Build.0 = Debug|Any CPU
		{9DE591A0-F8F8-40A8-AB27-1ED54BE84951}.Debug|x64.ActiveCfg = Debug|Any CPU
		{9DE591A0-F8F8-40A8-AB27-1ED54BE84951}.Debug|x64.Build.0 = Debug|Any CPU
		{9DE591A0-F8F8-40A8-AB27-1ED54BE84951}.Debug|x86.ActiveCfg = Debug|Any CPU
		{9DE591A0-F8F8-40A8-AB27-1ED54BE84951}.Debug|x86.Build.0 = Debug|Any CPU
		{9DE591A0-F8F8-40A8-AB27-1ED54BE84951}.Release|Any CPU.ActiveCfg = Release|Any CPU
		{9DE591A0-F8F8-40A8-AB27-1ED54BE84951}.Release|Any CPU.Build.0 = Release|Any CPU
		{9DE591A0-F8F8-40A8-AB27-1ED54BE84951}.Release|ARM.ActiveCfg = Release|Any CPU
		{9DE591A0-F8F8-40A8-AB27-1ED54BE84951}.Release|ARM.Build.0 = Release|Any CPU
		{9DE591A0-F8F8-40A8-AB27-1ED54BE84951}.Release|ARM64.ActiveCfg = Release|Any CPU
		{9DE591A0-F8F8-40A8-AB27-1ED54BE84951}.Release|ARM64.Build.0 = Release|Any CPU
		{9DE591A0-F8F8-40A8-AB27-1ED54BE84951}.Release|x64.ActiveCfg = Release|Any CPU
		{9DE591A0-F8F8-40A8-AB27-1ED54BE84951}.Release|x64.Build.0 = Release|Any CPU
		{9DE591A0-F8F8-40A8-AB27-1ED54BE84951}.Release|x86.ActiveCfg = Release|Any CPU
		{9DE591A0-F8F8-40A8-AB27-1ED54BE84951}.Release|x86.Build.0 = Release|Any CPU
		{64AB2104-7F4D-469C-86FB-1AF4921947C0}.Debug|Any CPU.ActiveCfg = Debug|Any CPU
		{64AB2104-7F4D-469C-86FB-1AF4921947C0}.Debug|Any CPU.Build.0 = Debug|Any CPU
		{64AB2104-7F4D-469C-86FB-1AF4921947C0}.Debug|ARM.ActiveCfg = Debug|Any CPU
		{64AB2104-7F4D-469C-86FB-1AF4921947C0}.Debug|ARM.Build.0 = Debug|Any CPU
		{64AB2104-7F4D-469C-86FB-1AF4921947C0}.Debug|ARM64.ActiveCfg = Debug|Any CPU
		{64AB2104-7F4D-469C-86FB-1AF4921947C0}.Debug|ARM64.Build.0 = Debug|Any CPU
		{64AB2104-7F4D-469C-86FB-1AF4921947C0}.Debug|x64.ActiveCfg = Debug|Any CPU
		{64AB2104-7F4D-469C-86FB-1AF4921947C0}.Debug|x64.Build.0 = Debug|Any CPU
		{64AB2104-7F4D-469C-86FB-1AF4921947C0}.Debug|x86.ActiveCfg = Debug|Any CPU
		{64AB2104-7F4D-469C-86FB-1AF4921947C0}.Debug|x86.Build.0 = Debug|Any CPU
		{64AB2104-7F4D-469C-86FB-1AF4921947C0}.Release|Any CPU.ActiveCfg = Release|Any CPU
		{64AB2104-7F4D-469C-86FB-1AF4921947C0}.Release|Any CPU.Build.0 = Release|Any CPU
		{64AB2104-7F4D-469C-86FB-1AF4921947C0}.Release|ARM.ActiveCfg = Release|Any CPU
		{64AB2104-7F4D-469C-86FB-1AF4921947C0}.Release|ARM.Build.0 = Release|Any CPU
		{64AB2104-7F4D-469C-86FB-1AF4921947C0}.Release|ARM64.ActiveCfg = Release|Any CPU
		{64AB2104-7F4D-469C-86FB-1AF4921947C0}.Release|ARM64.Build.0 = Release|Any CPU
		{64AB2104-7F4D-469C-86FB-1AF4921947C0}.Release|x64.ActiveCfg = Release|Any CPU
		{64AB2104-7F4D-469C-86FB-1AF4921947C0}.Release|x64.Build.0 = Release|Any CPU
		{64AB2104-7F4D-469C-86FB-1AF4921947C0}.Release|x86.ActiveCfg = Release|Any CPU
		{64AB2104-7F4D-469C-86FB-1AF4921947C0}.Release|x86.Build.0 = Release|Any CPU
		{BC85CF16-0FEE-4CA2-ACF0-DC2C47D5177F}.Debug|Any CPU.ActiveCfg = Debug|Any CPU
		{BC85CF16-0FEE-4CA2-ACF0-DC2C47D5177F}.Debug|Any CPU.Build.0 = Debug|Any CPU
		{BC85CF16-0FEE-4CA2-ACF0-DC2C47D5177F}.Debug|ARM.ActiveCfg = Debug|Any CPU
		{BC85CF16-0FEE-4CA2-ACF0-DC2C47D5177F}.Debug|ARM.Build.0 = Debug|Any CPU
		{BC85CF16-0FEE-4CA2-ACF0-DC2C47D5177F}.Debug|ARM64.ActiveCfg = Debug|Any CPU
		{BC85CF16-0FEE-4CA2-ACF0-DC2C47D5177F}.Debug|ARM64.Build.0 = Debug|Any CPU
		{BC85CF16-0FEE-4CA2-ACF0-DC2C47D5177F}.Debug|x64.ActiveCfg = Debug|Any CPU
		{BC85CF16-0FEE-4CA2-ACF0-DC2C47D5177F}.Debug|x64.Build.0 = Debug|Any CPU
		{BC85CF16-0FEE-4CA2-ACF0-DC2C47D5177F}.Debug|x86.ActiveCfg = Debug|Any CPU
		{BC85CF16-0FEE-4CA2-ACF0-DC2C47D5177F}.Debug|x86.Build.0 = Debug|Any CPU
		{BC85CF16-0FEE-4CA2-ACF0-DC2C47D5177F}.Release|Any CPU.ActiveCfg = Release|Any CPU
		{BC85CF16-0FEE-4CA2-ACF0-DC2C47D5177F}.Release|Any CPU.Build.0 = Release|Any CPU
		{BC85CF16-0FEE-4CA2-ACF0-DC2C47D5177F}.Release|ARM.ActiveCfg = Release|Any CPU
		{BC85CF16-0FEE-4CA2-ACF0-DC2C47D5177F}.Release|ARM.Build.0 = Release|Any CPU
		{BC85CF16-0FEE-4CA2-ACF0-DC2C47D5177F}.Release|ARM64.ActiveCfg = Release|Any CPU
		{BC85CF16-0FEE-4CA2-ACF0-DC2C47D5177F}.Release|ARM64.Build.0 = Release|Any CPU
		{BC85CF16-0FEE-4CA2-ACF0-DC2C47D5177F}.Release|x64.ActiveCfg = Release|Any CPU
		{BC85CF16-0FEE-4CA2-ACF0-DC2C47D5177F}.Release|x64.Build.0 = Release|Any CPU
		{BC85CF16-0FEE-4CA2-ACF0-DC2C47D5177F}.Release|x86.ActiveCfg = Release|Any CPU
		{BC85CF16-0FEE-4CA2-ACF0-DC2C47D5177F}.Release|x86.Build.0 = Release|Any CPU
		{CC6C079A-842E-4D81-A549-BC029A7FDFF3}.Debug|Any CPU.ActiveCfg = Debug|Any CPU
		{CC6C079A-842E-4D81-A549-BC029A7FDFF3}.Debug|Any CPU.Build.0 = Debug|Any CPU
		{CC6C079A-842E-4D81-A549-BC029A7FDFF3}.Debug|ARM.ActiveCfg = Debug|Any CPU
		{CC6C079A-842E-4D81-A549-BC029A7FDFF3}.Debug|ARM.Build.0 = Debug|Any CPU
		{CC6C079A-842E-4D81-A549-BC029A7FDFF3}.Debug|ARM64.ActiveCfg = Debug|Any CPU
		{CC6C079A-842E-4D81-A549-BC029A7FDFF3}.Debug|ARM64.Build.0 = Debug|Any CPU
		{CC6C079A-842E-4D81-A549-BC029A7FDFF3}.Debug|x64.ActiveCfg = Debug|Any CPU
		{CC6C079A-842E-4D81-A549-BC029A7FDFF3}.Debug|x64.Build.0 = Debug|Any CPU
		{CC6C079A-842E-4D81-A549-BC029A7FDFF3}.Debug|x86.ActiveCfg = Debug|Any CPU
		{CC6C079A-842E-4D81-A549-BC029A7FDFF3}.Debug|x86.Build.0 = Debug|Any CPU
		{CC6C079A-842E-4D81-A549-BC029A7FDFF3}.Release|Any CPU.ActiveCfg = Release|Any CPU
		{CC6C079A-842E-4D81-A549-BC029A7FDFF3}.Release|Any CPU.Build.0 = Release|Any CPU
		{CC6C079A-842E-4D81-A549-BC029A7FDFF3}.Release|ARM.ActiveCfg = Release|Any CPU
		{CC6C079A-842E-4D81-A549-BC029A7FDFF3}.Release|ARM.Build.0 = Release|Any CPU
		{CC6C079A-842E-4D81-A549-BC029A7FDFF3}.Release|ARM64.ActiveCfg = Release|Any CPU
		{CC6C079A-842E-4D81-A549-BC029A7FDFF3}.Release|ARM64.Build.0 = Release|Any CPU
		{CC6C079A-842E-4D81-A549-BC029A7FDFF3}.Release|x64.ActiveCfg = Release|Any CPU
		{CC6C079A-842E-4D81-A549-BC029A7FDFF3}.Release|x64.Build.0 = Release|Any CPU
		{CC6C079A-842E-4D81-A549-BC029A7FDFF3}.Release|x86.ActiveCfg = Release|Any CPU
		{CC6C079A-842E-4D81-A549-BC029A7FDFF3}.Release|x86.Build.0 = Release|Any CPU
		{8B998C9F-BFAC-4575-9452-3966264D4957}.Debug|Any CPU.ActiveCfg = Debug|Any CPU
		{8B998C9F-BFAC-4575-9452-3966264D4957}.Debug|Any CPU.Build.0 = Debug|Any CPU
		{8B998C9F-BFAC-4575-9452-3966264D4957}.Debug|ARM.ActiveCfg = Debug|Any CPU
		{8B998C9F-BFAC-4575-9452-3966264D4957}.Debug|ARM.Build.0 = Debug|Any CPU
		{8B998C9F-BFAC-4575-9452-3966264D4957}.Debug|ARM64.ActiveCfg = Debug|Any CPU
		{8B998C9F-BFAC-4575-9452-3966264D4957}.Debug|ARM64.Build.0 = Debug|Any CPU
		{8B998C9F-BFAC-4575-9452-3966264D4957}.Debug|x64.ActiveCfg = Debug|Any CPU
		{8B998C9F-BFAC-4575-9452-3966264D4957}.Debug|x64.Build.0 = Debug|Any CPU
		{8B998C9F-BFAC-4575-9452-3966264D4957}.Debug|x86.ActiveCfg = Debug|Any CPU
		{8B998C9F-BFAC-4575-9452-3966264D4957}.Debug|x86.Build.0 = Debug|Any CPU
		{8B998C9F-BFAC-4575-9452-3966264D4957}.Release|Any CPU.ActiveCfg = Release|Any CPU
		{8B998C9F-BFAC-4575-9452-3966264D4957}.Release|Any CPU.Build.0 = Release|Any CPU
		{8B998C9F-BFAC-4575-9452-3966264D4957}.Release|ARM.ActiveCfg = Release|Any CPU
		{8B998C9F-BFAC-4575-9452-3966264D4957}.Release|ARM.Build.0 = Release|Any CPU
		{8B998C9F-BFAC-4575-9452-3966264D4957}.Release|ARM64.ActiveCfg = Release|Any CPU
		{8B998C9F-BFAC-4575-9452-3966264D4957}.Release|ARM64.Build.0 = Release|Any CPU
		{8B998C9F-BFAC-4575-9452-3966264D4957}.Release|x64.ActiveCfg = Release|Any CPU
		{8B998C9F-BFAC-4575-9452-3966264D4957}.Release|x64.Build.0 = Release|Any CPU
		{8B998C9F-BFAC-4575-9452-3966264D4957}.Release|x86.ActiveCfg = Release|Any CPU
		{8B998C9F-BFAC-4575-9452-3966264D4957}.Release|x86.Build.0 = Release|Any CPU
		{3A0D0AF9-915E-43D8-B7F2-9D6A37686D21}.Debug|Any CPU.ActiveCfg = Debug|Any CPU
		{3A0D0AF9-915E-43D8-B7F2-9D6A37686D21}.Debug|Any CPU.Build.0 = Debug|Any CPU
		{3A0D0AF9-915E-43D8-B7F2-9D6A37686D21}.Debug|ARM.ActiveCfg = Debug|Any CPU
		{3A0D0AF9-915E-43D8-B7F2-9D6A37686D21}.Debug|ARM.Build.0 = Debug|Any CPU
		{3A0D0AF9-915E-43D8-B7F2-9D6A37686D21}.Debug|ARM64.ActiveCfg = Debug|Any CPU
		{3A0D0AF9-915E-43D8-B7F2-9D6A37686D21}.Debug|ARM64.Build.0 = Debug|Any CPU
		{3A0D0AF9-915E-43D8-B7F2-9D6A37686D21}.Debug|x64.ActiveCfg = Debug|Any CPU
		{3A0D0AF9-915E-43D8-B7F2-9D6A37686D21}.Debug|x64.Build.0 = Debug|Any CPU
		{3A0D0AF9-915E-43D8-B7F2-9D6A37686D21}.Debug|x86.ActiveCfg = Debug|Any CPU
		{3A0D0AF9-915E-43D8-B7F2-9D6A37686D21}.Debug|x86.Build.0 = Debug|Any CPU
		{3A0D0AF9-915E-43D8-B7F2-9D6A37686D21}.Release|Any CPU.ActiveCfg = Release|Any CPU
		{3A0D0AF9-915E-43D8-B7F2-9D6A37686D21}.Release|Any CPU.Build.0 = Release|Any CPU
		{3A0D0AF9-915E-43D8-B7F2-9D6A37686D21}.Release|ARM.ActiveCfg = Release|Any CPU
		{3A0D0AF9-915E-43D8-B7F2-9D6A37686D21}.Release|ARM.Build.0 = Release|Any CPU
		{3A0D0AF9-915E-43D8-B7F2-9D6A37686D21}.Release|ARM64.ActiveCfg = Release|Any CPU
		{3A0D0AF9-915E-43D8-B7F2-9D6A37686D21}.Release|ARM64.Build.0 = Release|Any CPU
		{3A0D0AF9-915E-43D8-B7F2-9D6A37686D21}.Release|x64.ActiveCfg = Release|Any CPU
		{3A0D0AF9-915E-43D8-B7F2-9D6A37686D21}.Release|x64.Build.0 = Release|Any CPU
		{3A0D0AF9-915E-43D8-B7F2-9D6A37686D21}.Release|x86.ActiveCfg = Release|Any CPU
		{3A0D0AF9-915E-43D8-B7F2-9D6A37686D21}.Release|x86.Build.0 = Release|Any CPU
		{4D7FBAEF-C988-4A4A-8A4D-D74D9682456A}.Debug|Any CPU.ActiveCfg = Debug|Any CPU
		{4D7FBAEF-C988-4A4A-8A4D-D74D9682456A}.Debug|Any CPU.Build.0 = Debug|Any CPU
		{4D7FBAEF-C988-4A4A-8A4D-D74D9682456A}.Debug|ARM.ActiveCfg = Debug|Any CPU
		{4D7FBAEF-C988-4A4A-8A4D-D74D9682456A}.Debug|ARM.Build.0 = Debug|Any CPU
		{4D7FBAEF-C988-4A4A-8A4D-D74D9682456A}.Debug|ARM64.ActiveCfg = Debug|Any CPU
		{4D7FBAEF-C988-4A4A-8A4D-D74D9682456A}.Debug|ARM64.Build.0 = Debug|Any CPU
		{4D7FBAEF-C988-4A4A-8A4D-D74D9682456A}.Debug|x64.ActiveCfg = Debug|Any CPU
		{4D7FBAEF-C988-4A4A-8A4D-D74D9682456A}.Debug|x64.Build.0 = Debug|Any CPU
		{4D7FBAEF-C988-4A4A-8A4D-D74D9682456A}.Debug|x86.ActiveCfg = Debug|Any CPU
		{4D7FBAEF-C988-4A4A-8A4D-D74D9682456A}.Debug|x86.Build.0 = Debug|Any CPU
		{4D7FBAEF-C988-4A4A-8A4D-D74D9682456A}.Release|Any CPU.ActiveCfg = Release|Any CPU
		{4D7FBAEF-C988-4A4A-8A4D-D74D9682456A}.Release|Any CPU.Build.0 = Release|Any CPU
		{4D7FBAEF-C988-4A4A-8A4D-D74D9682456A}.Release|ARM.ActiveCfg = Release|Any CPU
		{4D7FBAEF-C988-4A4A-8A4D-D74D9682456A}.Release|ARM.Build.0 = Release|Any CPU
		{4D7FBAEF-C988-4A4A-8A4D-D74D9682456A}.Release|ARM64.ActiveCfg = Release|Any CPU
		{4D7FBAEF-C988-4A4A-8A4D-D74D9682456A}.Release|ARM64.Build.0 = Release|Any CPU
		{4D7FBAEF-C988-4A4A-8A4D-D74D9682456A}.Release|x64.ActiveCfg = Release|Any CPU
		{4D7FBAEF-C988-4A4A-8A4D-D74D9682456A}.Release|x64.Build.0 = Release|Any CPU
		{4D7FBAEF-C988-4A4A-8A4D-D74D9682456A}.Release|x86.ActiveCfg = Release|Any CPU
		{4D7FBAEF-C988-4A4A-8A4D-D74D9682456A}.Release|x86.Build.0 = Release|Any CPU
		{A2D6D3D3-338A-4E2E-9AD1-118A131BC38A}.Debug|Any CPU.ActiveCfg = Debug|Any CPU
		{A2D6D3D3-338A-4E2E-9AD1-118A131BC38A}.Debug|Any CPU.Build.0 = Debug|Any CPU
		{A2D6D3D3-338A-4E2E-9AD1-118A131BC38A}.Debug|ARM.ActiveCfg = Debug|Any CPU
		{A2D6D3D3-338A-4E2E-9AD1-118A131BC38A}.Debug|ARM.Build.0 = Debug|Any CPU
		{A2D6D3D3-338A-4E2E-9AD1-118A131BC38A}.Debug|ARM64.ActiveCfg = Debug|Any CPU
		{A2D6D3D3-338A-4E2E-9AD1-118A131BC38A}.Debug|ARM64.Build.0 = Debug|Any CPU
		{A2D6D3D3-338A-4E2E-9AD1-118A131BC38A}.Debug|x64.ActiveCfg = Debug|Any CPU
		{A2D6D3D3-338A-4E2E-9AD1-118A131BC38A}.Debug|x64.Build.0 = Debug|Any CPU
		{A2D6D3D3-338A-4E2E-9AD1-118A131BC38A}.Debug|x86.ActiveCfg = Debug|Any CPU
		{A2D6D3D3-338A-4E2E-9AD1-118A131BC38A}.Debug|x86.Build.0 = Debug|Any CPU
		{A2D6D3D3-338A-4E2E-9AD1-118A131BC38A}.Release|Any CPU.ActiveCfg = Release|Any CPU
		{A2D6D3D3-338A-4E2E-9AD1-118A131BC38A}.Release|Any CPU.Build.0 = Release|Any CPU
		{A2D6D3D3-338A-4E2E-9AD1-118A131BC38A}.Release|ARM.ActiveCfg = Release|Any CPU
		{A2D6D3D3-338A-4E2E-9AD1-118A131BC38A}.Release|ARM.Build.0 = Release|Any CPU
		{A2D6D3D3-338A-4E2E-9AD1-118A131BC38A}.Release|ARM64.ActiveCfg = Release|Any CPU
		{A2D6D3D3-338A-4E2E-9AD1-118A131BC38A}.Release|ARM64.Build.0 = Release|Any CPU
		{A2D6D3D3-338A-4E2E-9AD1-118A131BC38A}.Release|x64.ActiveCfg = Release|Any CPU
		{A2D6D3D3-338A-4E2E-9AD1-118A131BC38A}.Release|x64.Build.0 = Release|Any CPU
		{A2D6D3D3-338A-4E2E-9AD1-118A131BC38A}.Release|x86.ActiveCfg = Release|Any CPU
		{A2D6D3D3-338A-4E2E-9AD1-118A131BC38A}.Release|x86.Build.0 = Release|Any CPU
	EndGlobalSection
	GlobalSection(SolutionProperties) = preSolution
		HideSolutionNode = FALSE
	EndGlobalSection
	GlobalSection(NestedProjects) = preSolution
		{79F40D09-D4EE-469F-883D-0D471E22AE20} = {98B9AB53-DABC-4E87-B63B-BFFB0B7BAB81}
		{9EFE2134-8015-4957-A9E1-F7D2FBB4CDA7} = {574786AA-DCD3-435B-8411-3C0850428F93}
		{E1C33987-94F5-472F-B191-8CBEDDEE5D99} = {CE3FE9EE-1EC5-4CAB-990F-27F21F2586FD}
		{801CFD14-89D2-4B1E-9332-B22EC959BABA} = {574786AA-DCD3-435B-8411-3C0850428F93}
		{584AAAFE-1EAE-4F99-9E9B-C375098B7A9E} = {86E202C1-9FAE-4FB1-8259-03A9D423A717}
		{A0FF7DF5-1936-4CC7-9E49-E2AF197EC70F} = {574786AA-DCD3-435B-8411-3C0850428F93}
		{6E2FF20A-0A70-42EB-9D7F-232825741AFF} = {574786AA-DCD3-435B-8411-3C0850428F93}
		{9DE591A0-F8F8-40A8-AB27-1ED54BE84951} = {574786AA-DCD3-435B-8411-3C0850428F93}
		{64AB2104-7F4D-469C-86FB-1AF4921947C0} = {574786AA-DCD3-435B-8411-3C0850428F93}
		{BC85CF16-0FEE-4CA2-ACF0-DC2C47D5177F} = {574786AA-DCD3-435B-8411-3C0850428F93}
		{CC6C079A-842E-4D81-A549-BC029A7FDFF3} = {574786AA-DCD3-435B-8411-3C0850428F93}
		{8B998C9F-BFAC-4575-9452-3966264D4957} = {574786AA-DCD3-435B-8411-3C0850428F93}
		{3A0D0AF9-915E-43D8-B7F2-9D6A37686D21} = {574786AA-DCD3-435B-8411-3C0850428F93}
		{4D7FBAEF-C988-4A4A-8A4D-D74D9682456A} = {574786AA-DCD3-435B-8411-3C0850428F93}
		{A2D6D3D3-338A-4E2E-9AD1-118A131BC38A} = {98B9AB53-DABC-4E87-B63B-BFFB0B7BAB81}
	EndGlobalSection
	GlobalSection(ExtensibilityGlobals) = postSolution
		SolutionGuid = {0BD434C9-8675-4D9D-B905-6C481145EB9A}
	EndGlobalSection
EndGlobal
